
Microsoft Visual Studio Solution File, Format Version 12.00
# Visual Studio Version 17
VisualStudioVersion = 17.5.002.0
MinimumVisualStudioVersion = 10.0.40219.1
Project("{9A19103F-16F7-4668-BE54-9A1E7A4F7556}") = "E_Products", "E_Products.csproj", "{78A30E11-BFC3-4197-8F9D-D9DAFC65811B}"
EndProject
Global
	GlobalSection(SolutionConfigurationPlatforms) = preSolution
		Debug|Any CPU = Debug|Any CPU
		Release|Any CPU = Release|Any CPU
	EndGlobalSection
	GlobalSection(ProjectConfigurationPlatforms) = postSolution
		{78A30E11-BFC3-4197-8F9D-D9DAFC65811B}.Debug|Any CPU.ActiveCfg = Debug|Any CPU
		{78A30E11-BFC3-4197-8F9D-D9DAFC65811B}.Debug|Any CPU.Build.0 = Debug|Any CPU
		{78A30E11-BFC3-4197-8F9D-D9DAFC65811B}.Release|Any CPU.ActiveCfg = Release|Any CPU
		{78A30E11-BFC3-4197-8F9D-D9DAFC65811B}.Release|Any CPU.Build.0 = Release|Any CPU
	EndGlobalSection
	GlobalSection(SolutionProperties) = preSolution
		HideSolutionNode = FALSE
	EndGlobalSection
	GlobalSection(ExtensibilityGlobals) = postSolution
		SolutionGuid = {1BCD73F2-365C-41D9-A724-DE8186941F67}
	EndGlobalSection
EndGlobal
