
Microsoft Visual Studio Solution File, Format Version 12.00
# Visual Studio Version 17
VisualStudioVersion = 17.5.002.0
MinimumVisualStudioVersion = 10.0.40219.1
Project("{9A19103F-16F7-4668-BE54-9A1E7A4F7556}") = "E_Auth", "E_Auth.csproj", "{65FE7A6A-6A66-4062-BE2A-DECD15620ACE}"
EndProject
Global
	GlobalSection(SolutionConfigurationPlatforms) = preSolution
		Debug|Any CPU = Debug|Any CPU
		Release|Any CPU = Release|Any CPU
	EndGlobalSection
	GlobalSection(ProjectConfigurationPlatforms) = postSolution
		{65FE7A6A-6A66-4062-BE2A-DECD15620ACE}.Debug|Any CPU.ActiveCfg = Debug|Any CPU
		{65FE7A6A-6A66-4062-BE2A-DECD15620ACE}.Debug|Any CPU.Build.0 = Debug|Any CPU
		{65FE7A6A-6A66-4062-BE2A-DECD15620ACE}.Release|Any CPU.ActiveCfg = Release|Any CPU
		{65FE7A6A-6A66-4062-BE2A-DECD15620ACE}.Release|Any CPU.Build.0 = Release|Any CPU
	EndGlobalSection
	GlobalSection(SolutionProperties) = preSolution
		HideSolutionNode = FALSE
	EndGlobalSection
	GlobalSection(ExtensibilityGlobals) = postSolution
		SolutionGuid = {9F26230E-0115-4AEE-9854-6C1266BDF309}
	EndGlobalSection
EndGlobal
